<Solution>
  <Project Path="Banking.Api/Banking.Api.csproj" />
  <Project Path="Banking.Application/Banking.Application.csproj" />
  <Project Path="Banking.Domain/Banking.Domain.csproj" />
  <Project Path="Banking.Infrastructure/Banking.Infrastructure.csproj" />
  <Project Path="Banking.Tests/Banking.Tests.csproj" />
</Solution>
